
Microsoft Visual Studio Solution File, Format Version 12.00
Project("{2150E333-8FDC-42A3-9474-1A3956D46DE8}") = "src", "src", "{899F4ECA-846E-4D6C-B013-7B45741D29D1}"
EndProject
Project("{2150E333-8FDC-42A3-9474-1A3956D46DE8}") = "test", "test", "{EEF8278A-41E4-499D-96E3-8EE3FB3DED9B}"
EndProject
Project("{FAE04EC0-301F-11D3-BF4B-00C04F79EFBC}") = "Bali", "src\Bali\Bali.csproj", "{825343F1-80A3-4FEA-8BDA-663778EEBA28}"
EndProject
Project("{FAE04EC0-301F-11D3-BF4B-00C04F79EFBC}") = "Bali.Tests", "test\Bali.Tests\Bali.Tests.csproj", "{FA53FEE2-36F6-4B59-8B0F-05389EB99C8C}"
EndProject
Project("{FAE04EC0-301F-11D3-BF4B-00C04F79EFBC}") = "Bali.Descriptors.Tests", "test\Bali.Descriptors.Tests\Bali.Descriptors.Tests.csproj", "{BAFF5E73-E22C-42E8-ADF8-0740356CAA29}"
EndProject
Project("{FAE04EC0-301F-11D3-BF4B-00C04F79EFBC}") = "Bali.SourceGenerators", "src\Bali.SourceGenerators\Bali.SourceGenerators.csproj", "{5589BA27-30C9-4168-A523-4D23D0AD56E4}"
EndProject
Project("{2150E333-8FDC-42A3-9474-1A3956D46DE8}") = "deps", "deps", "{C3A5EE3B-86BE-499B-B538-B22941F7551A}"
EndProject
Project("{D954291E-2A0B-460D-934E-DC6B0785DB48}") = "CodeGenHelpers", "deps\CodeGenHelpers\src\CodeGenHelpers\CodeGenHelpers.shproj", "{E4203C5E-F42E-4B04-9F25-8DFC60BBAC07}"
EndProject
Project("{FAE04EC0-301F-11D3-BF4B-00C04F79EFBC}") = "Bali.IO.Tests", "test\Bali.IO.Tests\Bali.IO.Tests.csproj", "{6089128C-F174-4F2B-A0C1-8A2D704B1896}"
EndProject
Project("{FAE04EC0-301F-11D3-BF4B-00C04F79EFBC}") = "Bali.IO", "src\Bali.IO\Bali.IO.csproj", "{86E3B0FD-5F93-4D80-8D22-AE68567BA8DD}"
EndProject
Global
	GlobalSection(SolutionConfigurationPlatforms) = preSolution
		Debug|Any CPU = Debug|Any CPU
		Release|Any CPU = Release|Any CPU
	EndGlobalSection
	GlobalSection(ProjectConfigurationPlatforms) = postSolution
		{825343F1-80A3-4FEA-8BDA-663778EEBA28}.Debug|Any CPU.ActiveCfg = Debug|Any CPU
		{825343F1-80A3-4FEA-8BDA-663778EEBA28}.Debug|Any CPU.Build.0 = Debug|Any CPU
		{825343F1-80A3-4FEA-8BDA-663778EEBA28}.Release|Any CPU.ActiveCfg = Release|Any CPU
		{825343F1-80A3-4FEA-8BDA-663778EEBA28}.Release|Any CPU.Build.0 = Release|Any CPU
		{FA53FEE2-36F6-4B59-8B0F-05389EB99C8C}.Debug|Any CPU.ActiveCfg = Debug|Any CPU
		{FA53FEE2-36F6-4B59-8B0F-05389EB99C8C}.Debug|Any CPU.Build.0 = Debug|Any CPU
		{FA53FEE2-36F6-4B59-8B0F-05389EB99C8C}.Release|Any CPU.ActiveCfg = Release|Any CPU
		{FA53FEE2-36F6-4B59-8B0F-05389EB99C8C}.Release|Any CPU.Build.0 = Release|Any CPU
		{BAFF5E73-E22C-42E8-ADF8-0740356CAA29}.Debug|Any CPU.ActiveCfg = Debug|Any CPU
		{BAFF5E73-E22C-42E8-ADF8-0740356CAA29}.Debug|Any CPU.Build.0 = Debug|Any CPU
		{BAFF5E73-E22C-42E8-ADF8-0740356CAA29}.Release|Any CPU.ActiveCfg = Release|Any CPU
		{BAFF5E73-E22C-42E8-ADF8-0740356CAA29}.Release|Any CPU.Build.0 = Release|Any CPU
		{5589BA27-30C9-4168-A523-4D23D0AD56E4}.Debug|Any CPU.ActiveCfg = Debug|Any CPU
		{5589BA27-30C9-4168-A523-4D23D0AD56E4}.Debug|Any CPU.Build.0 = Debug|Any CPU
		{5589BA27-30C9-4168-A523-4D23D0AD56E4}.Release|Any CPU.ActiveCfg = Release|Any CPU
		{5589BA27-30C9-4168-A523-4D23D0AD56E4}.Release|Any CPU.Build.0 = Release|Any CPU
		{6089128C-F174-4F2B-A0C1-8A2D704B1896}.Debug|Any CPU.ActiveCfg = Debug|Any CPU
		{6089128C-F174-4F2B-A0C1-8A2D704B1896}.Debug|Any CPU.Build.0 = Debug|Any CPU
		{6089128C-F174-4F2B-A0C1-8A2D704B1896}.Release|Any CPU.ActiveCfg = Release|Any CPU
		{6089128C-F174-4F2B-A0C1-8A2D704B1896}.Release|Any CPU.Build.0 = Release|Any CPU
		{86E3B0FD-5F93-4D80-8D22-AE68567BA8DD}.Debug|Any CPU.ActiveCfg = Debug|Any CPU
		{86E3B0FD-5F93-4D80-8D22-AE68567BA8DD}.Debug|Any CPU.Build.0 = Debug|Any CPU
		{86E3B0FD-5F93-4D80-8D22-AE68567BA8DD}.Release|Any CPU.ActiveCfg = Release|Any CPU
		{86E3B0FD-5F93-4D80-8D22-AE68567BA8DD}.Release|Any CPU.Build.0 = Release|Any CPU
	EndGlobalSection
	GlobalSection(NestedProjects) = preSolution
		{825343F1-80A3-4FEA-8BDA-663778EEBA28} = {899F4ECA-846E-4D6C-B013-7B45741D29D1}
		{FA53FEE2-36F6-4B59-8B0F-05389EB99C8C} = {EEF8278A-41E4-499D-96E3-8EE3FB3DED9B}
		{BAFF5E73-E22C-42E8-ADF8-0740356CAA29} = {EEF8278A-41E4-499D-96E3-8EE3FB3DED9B}
		{5589BA27-30C9-4168-A523-4D23D0AD56E4} = {899F4ECA-846E-4D6C-B013-7B45741D29D1}
		{E4203C5E-F42E-4B04-9F25-8DFC60BBAC07} = {C3A5EE3B-86BE-499B-B538-B22941F7551A}
		{6089128C-F174-4F2B-A0C1-8A2D704B1896} = {EEF8278A-41E4-499D-96E3-8EE3FB3DED9B}
		{86E3B0FD-5F93-4D80-8D22-AE68567BA8DD} = {899F4ECA-846E-4D6C-B013-7B45741D29D1}
	EndGlobalSection
EndGlobal
